
Microsoft Visual Studio Solution File, Format Version 12.00
# Visual Studio Version 16
VisualStudioVersion = 16.0.809.3
MinimumVisualStudioVersion = 10.0.40219.1
Project("{FAE04EC0-301F-11D3-BF4B-00C04F79EFBC}") = "test", "test\test.csproj", "{522EE152-828D-45E6-9D78-87E33779ED7C}"
EndProject
Global
	GlobalSection(SolutionConfigurationPlatforms) = preSolution
		Debug|Any CPU = Debug|Any CPU
		Release|Any CPU = Release|Any CPU
	EndGlobalSection
	GlobalSection(ProjectConfigurationPlatforms) = postSolution
		{522EE152-828D-45E6-9D78-87E33779ED7C}.Debug|Any CPU.ActiveCfg = Debug|Any CPU
		{522EE152-828D-45E6-9D78-87E33779ED7C}.Debug|Any CPU.Build.0 = Debug|Any CPU
		{522EE152-828D-45E6-9D78-87E33779ED7C}.Release|Any CPU.ActiveCfg = Release|Any CPU
		{522EE152-828D-45E6-9D78-87E33779ED7C}.Release|Any CPU.Build.0 = Release|Any CPU
	EndGlobalSection
	GlobalSection(SolutionProperties) = preSolution
		HideSolutionNode = FALSE
	EndGlobalSection
	GlobalSection(ExtensibilityGlobals) = postSolution
		SolutionGuid = {2360604D-8900-4D28-ADFE-00666730170A}
	EndGlobalSection
EndGlobal
